
Microsoft Visual Studio Solution File, Format Version 12.00
# Visual Studio 15
VisualStudioVersion = 15.0.27130.2010
MinimumVisualStudioVersion = 10.0.40219.1
Project("{FAE04EC0-301F-11D3-BF4B-00C04F79EFBC}") = "Manager.Gasoline", "Manager.Gasoline\Manager.Gasoline.csproj", "{77641A88-DA0F-46D4-B8A8-054367646515}"
EndProject
Global
	GlobalSection(SolutionConfigurationPlatforms) = preSolution
		Debug|Any CPU = Debug|Any CPU
		Release|Any CPU = Release|Any CPU
	EndGlobalSection
	GlobalSection(ProjectConfigurationPlatforms) = postSolution
		{77641A88-DA0F-46D4-B8A8-054367646515}.Debug|Any CPU.ActiveCfg = Debug|Any CPU
		{77641A88-DA0F-46D4-B8A8-054367646515}.Debug|Any CPU.Build.0 = Debug|Any CPU
		{77641A88-DA0F-46D4-B8A8-054367646515}.Release|Any CPU.ActiveCfg = Release|Any CPU
		{77641A88-DA0F-46D4-B8A8-054367646515}.Release|Any CPU.Build.0 = Release|Any CPU
	EndGlobalSection
	GlobalSection(SolutionProperties) = preSolution
		HideSolutionNode = FALSE
	EndGlobalSection
	GlobalSection(ExtensibilityGlobals) = postSolution
		SolutionGuid = {4F482D15-7320-43B2-884A-EC4EA223CD15}
	EndGlobalSection
EndGlobal
